
Microsoft Visual Studio Solution File, Format Version 12.00
# Visual Studio Version 17
VisualStudioVersion = 17.7.34202.233
MinimumVisualStudioVersion = 10.0.40219.1
Project("{FAE04EC0-301F-11D3-BF4B-00C04F79EFBC}") = "backend", "backend.csproj", "{03150DBC-2DDE-45D4-8567-42DAF88F767D}"
EndProject
Global
	GlobalSection(SolutionConfigurationPlatforms) = preSolution
		Debug|Any CPU = Debug|Any CPU
		Release|Any CPU = Release|Any CPU
	EndGlobalSection
	GlobalSection(ProjectConfigurationPlatforms) = postSolution
		{03150DBC-2DDE-45D4-8567-42DAF88F767D}.Debug|Any CPU.ActiveCfg = Debug|Any CPU
		{03150DBC-2DDE-45D4-8567-42DAF88F767D}.Debug|Any CPU.Build.0 = Debug|Any CPU
		{03150DBC-2DDE-45D4-8567-42DAF88F767D}.Release|Any CPU.ActiveCfg = Release|Any CPU
		{03150DBC-2DDE-45D4-8567-42DAF88F767D}.Release|Any CPU.Build.0 = Release|Any CPU
	EndGlobalSection
	GlobalSection(SolutionProperties) = preSolution
		HideSolutionNode = FALSE
	EndGlobalSection
	GlobalSection(ExtensibilityGlobals) = postSolution
		SolutionGuid = {D6747F9A-0AF6-45E7-BFB1-1C6E03B33E67}
	EndGlobalSection
EndGlobal
